
Microsoft Visual Studio Solution File, Format Version 12.00
# Visual Studio 15
VisualStudioVersion = 15.0.27428.2037
MinimumVisualStudioVersion = 10.0.40219.1
Project("{FAE04EC0-301F-11D3-BF4B-00C04F79EFBC}") = "Swift.API", "Swift.API\Swift.API.csproj", "{8DFE9830-570E-46E0-BBDC-8B7D7F7AD219}"
EndProject
Project("{FAE04EC0-301F-11D3-BF4B-00C04F79EFBC}") = "Swift.Web", "Swift.Web\Swift.Web.csproj", "{DCDB5E56-3AD0-4FFC-BC9B-DEF086E1726E}"
EndProject
Global
	GlobalSection(SolutionConfigurationPlatforms) = preSolution
		Debug|Any CPU = Debug|Any CPU
		Release|Any CPU = Release|Any CPU
	EndGlobalSection
	GlobalSection(ProjectConfigurationPlatforms) = postSolution
		{8DFE9830-570E-46E0-BBDC-8B7D7F7AD219}.Debug|Any CPU.ActiveCfg = Debug|Any CPU
		{8DFE9830-570E-46E0-BBDC-8B7D7F7AD219}.Debug|Any CPU.Build.0 = Debug|Any CPU
		{8DFE9830-570E-46E0-BBDC-8B7D7F7AD219}.Release|Any CPU.ActiveCfg = Release|Any CPU
		{8DFE9830-570E-46E0-BBDC-8B7D7F7AD219}.Release|Any CPU.Build.0 = Release|Any CPU
		{DCDB5E56-3AD0-4FFC-BC9B-DEF086E1726E}.Debug|Any CPU.ActiveCfg = Debug|Any CPU
		{DCDB5E56-3AD0-4FFC-BC9B-DEF086E1726E}.Debug|Any CPU.Build.0 = Debug|Any CPU
		{DCDB5E56-3AD0-4FFC-BC9B-DEF086E1726E}.Release|Any CPU.ActiveCfg = Release|Any CPU
		{DCDB5E56-3AD0-4FFC-BC9B-DEF086E1726E}.Release|Any CPU.Build.0 = Release|Any CPU
	EndGlobalSection
	GlobalSection(SolutionProperties) = preSolution
		HideSolutionNode = FALSE
	EndGlobalSection
	GlobalSection(ExtensibilityGlobals) = postSolution
		SolutionGuid = {BC1E51E5-3DB0-4A23-826B-905952A09E4D}
	EndGlobalSection
EndGlobal
